
Microsoft Visual Studio Solution File, Format Version 12.00
# Visual Studio 2012
Project("{FAE04EC0-301F-11D3-BF4B-00C04F79EFBC}") = "Example", "Example\Example.csproj", "{AB57F0DE-F800-4310-BADA-AF6E9351A2CA}"
EndProject
Global
	GlobalSection(SolutionConfigurationPlatforms) = preSolution
		Debug|ARM = Debug|ARM
		Debug|x86 = Debug|x86
		Master|ARM = Master|ARM
		Master|x86 = Master|x86
		Release|ARM = Release|ARM
		Release|x86 = Release|x86
	EndGlobalSection
	GlobalSection(ProjectConfigurationPlatforms) = postSolution
		{AB57F0DE-F800-4310-BADA-AF6E9351A2CA}.Debug|ARM.ActiveCfg = Debug|ARM
		{AB57F0DE-F800-4310-BADA-AF6E9351A2CA}.Debug|ARM.Build.0 = Debug|ARM
		{AB57F0DE-F800-4310-BADA-AF6E9351A2CA}.Debug|ARM.Deploy.0 = Debug|ARM
		{AB57F0DE-F800-4310-BADA-AF6E9351A2CA}.Debug|x86.ActiveCfg = Debug|x86
		{AB57F0DE-F800-4310-BADA-AF6E9351A2CA}.Debug|x86.Build.0 = Debug|x86
		{AB57F0DE-F800-4310-BADA-AF6E9351A2CA}.Debug|x86.Deploy.0 = Debug|x86
		{AB57F0DE-F800-4310-BADA-AF6E9351A2CA}.Master|ARM.ActiveCfg = Master|ARM
		{AB57F0DE-F800-4310-BADA-AF6E9351A2CA}.Master|ARM.Build.0 = Master|ARM
		{AB57F0DE-F800-4310-BADA-AF6E9351A2CA}.Master|ARM.Deploy.0 = Master|ARM
		{AB57F0DE-F800-4310-BADA-AF6E9351A2CA}.Master|x86.ActiveCfg = Master|x86
		{AB57F0DE-F800-4310-BADA-AF6E9351A2CA}.Master|x86.Build.0 = Master|x86
		{AB57F0DE-F800-4310-BADA-AF6E9351A2CA}.Master|x86.Deploy.0 = Master|x86
		{AB57F0DE-F800-4310-BADA-AF6E9351A2CA}.Release|ARM.ActiveCfg = Release|ARM
		{AB57F0DE-F800-4310-BADA-AF6E9351A2CA}.Release|ARM.Build.0 = Release|ARM
		{AB57F0DE-F800-4310-BADA-AF6E9351A2CA}.Release|ARM.Deploy.0 = Release|ARM
		{AB57F0DE-F800-4310-BADA-AF6E9351A2CA}.Release|x86.ActiveCfg = Release|x86
		{AB57F0DE-F800-4310-BADA-AF6E9351A2CA}.Release|x86.Build.0 = Release|x86
		{AB57F0DE-F800-4310-BADA-AF6E9351A2CA}.Release|x86.Deploy.0 = Release|x86
	EndGlobalSection
	GlobalSection(SolutionProperties) = preSolution
		HideSolutionNode = FALSE
	EndGlobalSection
EndGlobal
