
Microsoft Visual Studio Solution File, Format Version 12.00
# Visual Studio 2012
Project("{FAE04EC0-301F-11D3-BF4B-00C04F79EFBC}") = "SQLite4Unity3d", "SQLite4Unity3d\SQLite4Unity3d.csproj", "{73A034D8-0D4D-410F-AEE2-64DB1C9EFE3C}"
EndProject
Project("{FAE04EC0-301F-11D3-BF4B-00C04F79EFBC}") = "SQLite4Unity3dWP8", "SQLite4Unity3dWP8\SQLite4Unity3dWP8.csproj", "{DFF95D7B-03AD-4627-BBB8-38A2EAD07AA0}"
EndProject
Global
	GlobalSection(SolutionConfigurationPlatforms) = preSolution
		Debug|Any CPU = Debug|Any CPU
		Debug|ARM = Debug|ARM
		Debug|x86 = Debug|x86
		Release|Any CPU = Release|Any CPU
		Release|ARM = Release|ARM
		Release|x86 = Release|x86
	EndGlobalSection
	GlobalSection(ProjectConfigurationPlatforms) = postSolution
		{73A034D8-0D4D-410F-AEE2-64DB1C9EFE3C}.Debug|Any CPU.ActiveCfg = Debug|Any CPU
		{73A034D8-0D4D-410F-AEE2-64DB1C9EFE3C}.Debug|Any CPU.Build.0 = Debug|Any CPU
		{73A034D8-0D4D-410F-AEE2-64DB1C9EFE3C}.Debug|ARM.ActiveCfg = Debug|Any CPU
		{73A034D8-0D4D-410F-AEE2-64DB1C9EFE3C}.Debug|x86.ActiveCfg = Debug|Any CPU
		{73A034D8-0D4D-410F-AEE2-64DB1C9EFE3C}.Release|Any CPU.ActiveCfg = Release|Any CPU
		{73A034D8-0D4D-410F-AEE2-64DB1C9EFE3C}.Release|Any CPU.Build.0 = Release|Any CPU
		{73A034D8-0D4D-410F-AEE2-64DB1C9EFE3C}.Release|ARM.ActiveCfg = Release|Any CPU
		{73A034D8-0D4D-410F-AEE2-64DB1C9EFE3C}.Release|x86.ActiveCfg = Release|Any CPU
		{DFF95D7B-03AD-4627-BBB8-38A2EAD07AA0}.Debug|Any CPU.ActiveCfg = Debug|ARM
		{DFF95D7B-03AD-4627-BBB8-38A2EAD07AA0}.Debug|Any CPU.Build.0 = Debug|ARM
		{DFF95D7B-03AD-4627-BBB8-38A2EAD07AA0}.Debug|ARM.ActiveCfg = Debug|ARM
		{DFF95D7B-03AD-4627-BBB8-38A2EAD07AA0}.Debug|ARM.Build.0 = Debug|ARM
		{DFF95D7B-03AD-4627-BBB8-38A2EAD07AA0}.Debug|x86.ActiveCfg = Debug|x86
		{DFF95D7B-03AD-4627-BBB8-38A2EAD07AA0}.Debug|x86.Build.0 = Debug|x86
		{DFF95D7B-03AD-4627-BBB8-38A2EAD07AA0}.Release|Any CPU.ActiveCfg = Release|ARM
		{DFF95D7B-03AD-4627-BBB8-38A2EAD07AA0}.Release|Any CPU.Build.0 = Release|ARM
		{DFF95D7B-03AD-4627-BBB8-38A2EAD07AA0}.Release|ARM.ActiveCfg = Release|ARM
		{DFF95D7B-03AD-4627-BBB8-38A2EAD07AA0}.Release|ARM.Build.0 = Release|ARM
		{DFF95D7B-03AD-4627-BBB8-38A2EAD07AA0}.Release|x86.ActiveCfg = Release|x86
		{DFF95D7B-03AD-4627-BBB8-38A2EAD07AA0}.Release|x86.Build.0 = Release|x86
	EndGlobalSection
	GlobalSection(SolutionProperties) = preSolution
		HideSolutionNode = FALSE
	EndGlobalSection
EndGlobal
